
Microsoft Visual Studio Solution File, Format Version 12.00
# Visual Studio Version 16
VisualStudioVersion = 16.0.30907.101
MinimumVisualStudioVersion = 10.0.40219.1
Project("{FAE04EC0-301F-11D3-BF4B-00C04F79EFBC}") = "RabbitMQClient", "RabbitMQClient\RabbitMQClient.csproj", "{EC701307-2D79-4839-96D3-DEF0FF99AD4B}"
EndProject
Project("{FAE04EC0-301F-11D3-BF4B-00C04F79EFBC}") = "RabbitMQServer", "RabbitMQServer\RabbitMQServer.csproj", "{9EBC2C08-A78F-42CC-B8BD-7D357F1A688F}"
EndProject
Project("{FAE04EC0-301F-11D3-BF4B-00C04F79EFBC}") = "RabbitMQCommon", "RabbitMQCommon\RabbitMQCommon.csproj", "{C0A81C03-4340-4FD9-9E08-70E14EBA61FE}"
EndProject
Global
	GlobalSection(SolutionConfigurationPlatforms) = preSolution
		Debug|Any CPU = Debug|Any CPU
		Release|Any CPU = Release|Any CPU
	EndGlobalSection
	GlobalSection(ProjectConfigurationPlatforms) = postSolution
		{EC701307-2D79-4839-96D3-DEF0FF99AD4B}.Debug|Any CPU.ActiveCfg = Debug|Any CPU
		{EC701307-2D79-4839-96D3-DEF0FF99AD4B}.Debug|Any CPU.Build.0 = Debug|Any CPU
		{EC701307-2D79-4839-96D3-DEF0FF99AD4B}.Release|Any CPU.ActiveCfg = Release|Any CPU
		{EC701307-2D79-4839-96D3-DEF0FF99AD4B}.Release|Any CPU.Build.0 = Release|Any CPU
		{9EBC2C08-A78F-42CC-B8BD-7D357F1A688F}.Debug|Any CPU.ActiveCfg = Debug|Any CPU
		{9EBC2C08-A78F-42CC-B8BD-7D357F1A688F}.Debug|Any CPU.Build.0 = Debug|Any CPU
		{9EBC2C08-A78F-42CC-B8BD-7D357F1A688F}.Release|Any CPU.ActiveCfg = Release|Any CPU
		{9EBC2C08-A78F-42CC-B8BD-7D357F1A688F}.Release|Any CPU.Build.0 = Release|Any CPU
		{C0A81C03-4340-4FD9-9E08-70E14EBA61FE}.Debug|Any CPU.ActiveCfg = Debug|Any CPU
		{C0A81C03-4340-4FD9-9E08-70E14EBA61FE}.Debug|Any CPU.Build.0 = Debug|Any CPU
		{C0A81C03-4340-4FD9-9E08-70E14EBA61FE}.Release|Any CPU.ActiveCfg = Release|Any CPU
		{C0A81C03-4340-4FD9-9E08-70E14EBA61FE}.Release|Any CPU.Build.0 = Release|Any CPU
	EndGlobalSection
	GlobalSection(SolutionProperties) = preSolution
		HideSolutionNode = FALSE
	EndGlobalSection
	GlobalSection(ExtensibilityGlobals) = postSolution
		SolutionGuid = {03217757-BA14-44C5-BBA1-F6E0183312FA}
	EndGlobalSection
EndGlobal
